
Microsoft Visual Studio Solution File, Format Version 12.00
# Visual Studio 15
VisualStudioVersion = 15.0.27703.2042
MinimumVisualStudioVersion = 10.0.40219.1
Project("{FAE04EC0-301F-11D3-BF4B-00C04F79EFBC}") = "FourInLineAngular", "FourInLineAngular\FourInLineAngular.csproj", "{3E67EC9B-2A2E-4F71-848D-633C12C77DFE}"
EndProject
Global
	GlobalSection(SolutionConfigurationPlatforms) = preSolution
		Debug|Any CPU = Debug|Any CPU
		Release|Any CPU = Release|Any CPU
	EndGlobalSection
	GlobalSection(ProjectConfigurationPlatforms) = postSolution
		{3E67EC9B-2A2E-4F71-848D-633C12C77DFE}.Debug|Any CPU.ActiveCfg = Debug|Any CPU
		{3E67EC9B-2A2E-4F71-848D-633C12C77DFE}.Debug|Any CPU.Build.0 = Debug|Any CPU
		{3E67EC9B-2A2E-4F71-848D-633C12C77DFE}.Release|Any CPU.ActiveCfg = Release|Any CPU
		{3E67EC9B-2A2E-4F71-848D-633C12C77DFE}.Release|Any CPU.Build.0 = Release|Any CPU
	EndGlobalSection
	GlobalSection(SolutionProperties) = preSolution
		HideSolutionNode = FALSE
	EndGlobalSection
	GlobalSection(ExtensibilityGlobals) = postSolution
		SolutionGuid = {63809B4B-336F-4ECC-B5D3-2CCFB450047A}
	EndGlobalSection
EndGlobal
